
Microsoft Visual Studio Solution File, Format Version 12.00
# Visual Studio 15
VisualStudioVersion = 15.0.28307.168
MinimumVisualStudioVersion = 10.0.40219.1
Project("{8BC9CEB8-8B4A-11D0-8D11-00A0C91BC942}") = "Demo Project", "Demo Project\Demo Project.vcxproj", "{43176A5C-B986-4032-BCB7-85F1D3ACE189}"
EndProject
Project("{8BC9CEB8-8B4A-11D0-8D11-00A0C91BC942}") = "Engine", "Experio\Experio.vcxproj", "{06597EF7-D716-4DA4-8727-0DAF4E8A67C1}"
EndProject
Project("{8BC9CEB8-8B4A-11D0-8D11-00A0C91BC942}") = "ExperioEditor", "ExperioEditor\ExperioEditor.vcxproj", "{FBAF0F06-0BBD-4565-9378-6C95CB3C7296}"
EndProject
Project("{2150E333-8FDC-42A3-9474-1A3956D46DE8}") = "Demo Project", "Demo Project", "{CEC41CAE-742A-498D-9653-6803B08CED94}"
EndProject
Project("{8BC9CEB8-8B4A-11D0-8D11-00A0C91BC942}") = "Demo Project_Exe", "Demo Project\Generated\Demo Project_Exe\Demo Project_Exe.vcxproj", "{287DD025-CFA6-47C0-8322-3306685DE567}"
EndProject
Project("{8BC9CEB8-8B4A-11D0-8D11-00A0C91BC942}") = "Demo Project_Editor", "Demo Project\Editor\Demo Project_Editor.vcxproj", "{7E8CD77E-1D44-4078-9825-98F666653B12}"
EndProject
Project("{2150E333-8FDC-42A3-9474-1A3956D46DE8}") = "Dependencies", "Dependencies", "{F6393898-0A28-4084-AB14-01A896928F40}"
EndProject
Project("{8BC9CEB8-8B4A-11D0-8D11-00A0C91BC942}") = "RuntimeCompiler", "Dependencies\RuntimeCompiledCPP\RuntimeCompiler\RuntimeCompiler.vcxproj", "{790D95ED-C6E6-24E5-345B-37FB1E098082}"
EndProject
Project("{8BC9CEB8-8B4A-11D0-8D11-00A0C91BC942}") = "RuntimeObjectSystem", "Dependencies\RuntimeCompiledCPP\RuntimeObjectSystem\RuntimeObjectSystem.vcxproj", "{FA4E24F1-885C-406B-89A8-436F28D090B2}"
EndProject
Project("{8BC9CEB8-8B4A-11D0-8D11-00A0C91BC942}") = "ExperioTests", "Experio\Source\Tests\ExperioTests.vcxproj", "{2DBF0F0A-FB8A-438B-BD94-6292537C20D0}"
EndProject
Global
	GlobalSection(SolutionConfigurationPlatforms) = preSolution
		Debug|x64 = Debug|x64
		Debug|x86 = Debug|x86
		Release|x64 = Release|x64
		Release|x86 = Release|x86
	EndGlobalSection
	GlobalSection(ProjectConfigurationPlatforms) = postSolution
		{43176A5C-B986-4032-BCB7-85F1D3ACE189}.Debug|x64.ActiveCfg = Debug|x64
		{43176A5C-B986-4032-BCB7-85F1D3ACE189}.Debug|x64.Build.0 = Debug|x64
		{43176A5C-B986-4032-BCB7-85F1D3ACE189}.Debug|x86.ActiveCfg = Debug|Win32
		{43176A5C-B986-4032-BCB7-85F1D3ACE189}.Debug|x86.Build.0 = Debug|Win32
		{43176A5C-B986-4032-BCB7-85F1D3ACE189}.Release|x64.ActiveCfg = Release|x64
		{43176A5C-B986-4032-BCB7-85F1D3ACE189}.Release|x64.Build.0 = Release|x64
		{43176A5C-B986-4032-BCB7-85F1D3ACE189}.Release|x86.ActiveCfg = Release|Win32
		{43176A5C-B986-4032-BCB7-85F1D3ACE189}.Release|x86.Build.0 = Release|Win32
		{06597EF7-D716-4DA4-8727-0DAF4E8A67C1}.Debug|x64.ActiveCfg = Debug|x64
		{06597EF7-D716-4DA4-8727-0DAF4E8A67C1}.Debug|x64.Build.0 = Debug|x64
		{06597EF7-D716-4DA4-8727-0DAF4E8A67C1}.Debug|x86.ActiveCfg = Debug|x64
		{06597EF7-D716-4DA4-8727-0DAF4E8A67C1}.Release|x64.ActiveCfg = Release|x64
		{06597EF7-D716-4DA4-8727-0DAF4E8A67C1}.Release|x64.Build.0 = Release|x64
		{06597EF7-D716-4DA4-8727-0DAF4E8A67C1}.Release|x86.ActiveCfg = Release|x64
		{FBAF0F06-0BBD-4565-9378-6C95CB3C7296}.Debug|x64.ActiveCfg = Debug|x64
		{FBAF0F06-0BBD-4565-9378-6C95CB3C7296}.Debug|x64.Build.0 = Debug|x64
		{FBAF0F06-0BBD-4565-9378-6C95CB3C7296}.Debug|x86.ActiveCfg = Debug|x64
		{FBAF0F06-0BBD-4565-9378-6C95CB3C7296}.Release|x64.ActiveCfg = Release|x64
		{FBAF0F06-0BBD-4565-9378-6C95CB3C7296}.Release|x64.Build.0 = Release|x64
		{FBAF0F06-0BBD-4565-9378-6C95CB3C7296}.Release|x86.ActiveCfg = Release|x64
		{287DD025-CFA6-47C0-8322-3306685DE567}.Debug|x64.ActiveCfg = Debug|x64
		{287DD025-CFA6-47C0-8322-3306685DE567}.Debug|x64.Build.0 = Debug|x64
		{287DD025-CFA6-47C0-8322-3306685DE567}.Debug|x86.ActiveCfg = Debug|Win32
		{287DD025-CFA6-47C0-8322-3306685DE567}.Debug|x86.Build.0 = Debug|Win32
		{287DD025-CFA6-47C0-8322-3306685DE567}.Release|x64.ActiveCfg = Release|x64
		{287DD025-CFA6-47C0-8322-3306685DE567}.Release|x64.Build.0 = Release|x64
		{287DD025-CFA6-47C0-8322-3306685DE567}.Release|x86.ActiveCfg = Release|Win32
		{287DD025-CFA6-47C0-8322-3306685DE567}.Release|x86.Build.0 = Release|Win32
		{7E8CD77E-1D44-4078-9825-98F666653B12}.Debug|x64.ActiveCfg = Debug|x64
		{7E8CD77E-1D44-4078-9825-98F666653B12}.Debug|x64.Build.0 = Debug|x64
		{7E8CD77E-1D44-4078-9825-98F666653B12}.Debug|x86.ActiveCfg = Debug|x64
		{7E8CD77E-1D44-4078-9825-98F666653B12}.Release|x64.ActiveCfg = Release|x64
		{7E8CD77E-1D44-4078-9825-98F666653B12}.Release|x64.Build.0 = Release|x64
		{7E8CD77E-1D44-4078-9825-98F666653B12}.Release|x86.ActiveCfg = Release|x64
		{790D95ED-C6E6-24E5-345B-37FB1E098082}.Debug|x64.ActiveCfg = Debug|x64
		{790D95ED-C6E6-24E5-345B-37FB1E098082}.Debug|x64.Build.0 = Debug|x64
		{790D95ED-C6E6-24E5-345B-37FB1E098082}.Debug|x86.ActiveCfg = Debug|Win32
		{790D95ED-C6E6-24E5-345B-37FB1E098082}.Debug|x86.Build.0 = Debug|Win32
		{790D95ED-C6E6-24E5-345B-37FB1E098082}.Release|x64.ActiveCfg = Release|x64
		{790D95ED-C6E6-24E5-345B-37FB1E098082}.Release|x64.Build.0 = Release|x64
		{790D95ED-C6E6-24E5-345B-37FB1E098082}.Release|x86.ActiveCfg = Release|Win32
		{790D95ED-C6E6-24E5-345B-37FB1E098082}.Release|x86.Build.0 = Release|Win32
		{FA4E24F1-885C-406B-89A8-436F28D090B2}.Debug|x64.ActiveCfg = Debug|x64
		{FA4E24F1-885C-406B-89A8-436F28D090B2}.Debug|x64.Build.0 = Debug|x64
		{FA4E24F1-885C-406B-89A8-436F28D090B2}.Debug|x86.ActiveCfg = Debug|Win32
		{FA4E24F1-885C-406B-89A8-436F28D090B2}.Debug|x86.Build.0 = Debug|Win32
		{FA4E24F1-885C-406B-89A8-436F28D090B2}.Release|x64.ActiveCfg = Release|x64
		{FA4E24F1-885C-406B-89A8-436F28D090B2}.Release|x64.Build.0 = Release|x64
		{FA4E24F1-885C-406B-89A8-436F28D090B2}.Release|x86.ActiveCfg = Release|Win32
		{FA4E24F1-885C-406B-89A8-436F28D090B2}.Release|x86.Build.0 = Release|Win32
		{2DBF0F0A-FB8A-438B-BD94-6292537C20D0}.Debug|x64.ActiveCfg = Debug|x64
		{2DBF0F0A-FB8A-438B-BD94-6292537C20D0}.Debug|x64.Build.0 = Debug|x64
		{2DBF0F0A-FB8A-438B-BD94-6292537C20D0}.Debug|x86.ActiveCfg = Debug|Win32
		{2DBF0F0A-FB8A-438B-BD94-6292537C20D0}.Debug|x86.Build.0 = Debug|Win32
		{2DBF0F0A-FB8A-438B-BD94-6292537C20D0}.Release|x64.ActiveCfg = Release|x64
		{2DBF0F0A-FB8A-438B-BD94-6292537C20D0}.Release|x64.Build.0 = Release|x64
		{2DBF0F0A-FB8A-438B-BD94-6292537C20D0}.Release|x86.ActiveCfg = Release|Win32
		{2DBF0F0A-FB8A-438B-BD94-6292537C20D0}.Release|x86.Build.0 = Release|Win32
	EndGlobalSection
	GlobalSection(SolutionProperties) = preSolution
		HideSolutionNode = FALSE
	EndGlobalSection
	GlobalSection(NestedProjects) = preSolution
		{43176A5C-B986-4032-BCB7-85F1D3ACE189} = {CEC41CAE-742A-498D-9653-6803B08CED94}
		{287DD025-CFA6-47C0-8322-3306685DE567} = {CEC41CAE-742A-498D-9653-6803B08CED94}
		{7E8CD77E-1D44-4078-9825-98F666653B12} = {CEC41CAE-742A-498D-9653-6803B08CED94}
		{790D95ED-C6E6-24E5-345B-37FB1E098082} = {F6393898-0A28-4084-AB14-01A896928F40}
		{FA4E24F1-885C-406B-89A8-436F28D090B2} = {F6393898-0A28-4084-AB14-01A896928F40}
	EndGlobalSection
	GlobalSection(ExtensibilityGlobals) = postSolution
		SolutionGuid = {37EF321B-953C-41FE-956F-F89079515385}
	EndGlobalSection
EndGlobal
