<?xml version="1.0" encoding="utf-8"?>
<Project ToolsVersion="4.0" xmlns="http://schemas.microsoft.com/developer/msbuild/2003">
  <ItemGroup>
    <Filter Include="Source Files">
      <UniqueIdentifier>{4FC737F1-C7A5-4376-A066-2A32D752A2FF}</UniqueIdentifier>
      <Extensions>cpp;c;cc;cxx;def;odl;idl;hpj;bat;asm;asmx</Extensions>
    </Filter>
    <Filter Include="Header Files">
      <UniqueIdentifier>{93995380-89BD-4b04-88EB-625FBE52EBFB}</UniqueIdentifier>
      <Extensions>h;hh;hpp;hxx;hm;inl;inc;ipp;xsd</Extensions>
    </Filter>
    <Filter Include="Resource Files">
      <UniqueIdentifier>{67DA6AB6-F800-4c08-8B7A-83BB121AAD01}</UniqueIdentifier>
      <Extensions>rc;ico;cur;bmp;dlg;rc2;rct;bin;rgs;gif;jpg;jpeg;jpe;resx;tiff;tif;png;wav;mfcribbon-ms</Extensions>
    </Filter>
  </ItemGroup>
  <ItemGroup>
    <ClCompile Include="Source\Core\EditorWindow.cpp">
      <Filter>Source Files</Filter>
    </ClCompile>
    <ClCompile Include="Source\Core\EditorApplication.cpp">
      <Filter>Source Files</Filter>
    </ClCompile>
    <ClCompile Include="Source\Framework\ValueLoader.cpp">
      <Filter>Source Files</Filter>
    </ClCompile>
    <ClCompile Include="Source\Framework\Values.cpp">
      <Filter>Source Files</Filter>
    </ClCompile>
    <ClCompile Include="Source\Framework\EditorProject.cpp">
      <Filter>Source Files</Filter>
    </ClCompile>
    <ClCompile Include="Source\SceneView\SceneView.cpp">
      <Filter>Source Files</Filter>
    </ClCompile>
    <ClCompile Include="Source\Core\EditorModule.cpp">
      <Filter>Source Files</Filter>
    </ClCompile>
    <ClCompile Include="Source\FileView\FileView.cpp">
      <Filter>Source Files</Filter>
    </ClCompile>
    <ClCompile Include="Source\SceneHierarchy\SceneHierarchy.cpp">
      <Filter>Source Files</Filter>
    </ClCompile>
    <ClCompile Include="Source\CodeParser\LCodeParser.cpp">
      <Filter>Source Files</Filter>
    </ClCompile>
    <ClCompile Include="Source\CodeParser\CodeProject.cpp">
      <Filter>Source Files</Filter>
    </ClCompile>
    <ClCompile Include="Source\CodeParser\CodeProjectGenerator.cpp">
      <Filter>Source Files</Filter>
    </ClCompile>
    <ClCompile Include="Source\Inspector\Inspector.cpp">
      <Filter>Source Files</Filter>
    </ClCompile>
    <ClCompile Include="Source\Framework\SceneSaver.cpp">
      <Filter>Source Files</Filter>
    </ClCompile>
    <ClCompile Include="Source\ComponentEditor\Renderable\MeshComponentEditor.cpp">
      <Filter>Source Files</Filter>
    </ClCompile>
    <ClCompile Include="Source\ComponentEditor\Renderable\BillboardComponentEditor.cpp">
      <Filter>Source Files</Filter>
    </ClCompile>
    <ClCompile Include="Source\ComponentEditor\Renderable\VirtualCameraEditor.cpp">
      <Filter>Source Files</Filter>
    </ClCompile>
    <ClCompile Include="Source\Framework\SaveParams.cpp">
      <Filter>Source Files</Filter>
    </ClCompile>
    <ClCompile Include="Source\Core\FileDialog.cpp">
      <Filter>Source Files</Filter>
    </ClCompile>
    <ClCompile Include="Source\GameView\GameView.cpp">
      <Filter>Source Files</Filter>
    </ClCompile>
    <ClCompile Include="Source\Framework\PlaySystem.cpp">
      <Filter>Source Files</Filter>
    </ClCompile>
    <ClCompile Include="Source\Console\Console.cpp">
      <Filter>Source Files</Filter>
    </ClCompile>
    <ClCompile Include="Source\AssetViewers\MeshViewer.cpp">
      <Filter>Source Files</Filter>
    </ClCompile>
    <ClCompile Include="Source\AssetViewers\ImageViewer.cpp">
      <Filter>Source Files</Filter>
    </ClCompile>
    <ClCompile Include="Source\Framework\Version.cpp">
      <Filter>Source Files</Filter>
    </ClCompile>
    <ClCompile Include="Source\Testing\UnitTestingFramework.cpp">
      <Filter>Source Files</Filter>
    </ClCompile>
    <ClCompile Include="Source\Testing\TestManager.cpp">
      <Filter>Source Files</Filter>
    </ClCompile>
    <ClCompile Include="Source\AssetViewers\TagEditor.cpp">
      <Filter>Source Files</Filter>
    </ClCompile>
    <ClCompile Include="Source\AssetViewers\LayerEditor.cpp">
      <Filter>Source Files</Filter>
    </ClCompile>
    <ClCompile Include="Source\Framework\ValueSaver.cpp">
      <Filter>Source Files</Filter>
    </ClCompile>
    <ClCompile Include="Source\ProjectGenerator\VisualStudioProject.cpp">
      <Filter>Source Files</Filter>
    </ClCompile>
    <ClCompile Include="Source\Files\SceneConverter.cpp">
      <Filter>Source Files</Filter>
    </ClCompile>
    <ClCompile Include="Source\BuildSystem\AssetMapSaver.cpp">
      <Filter>Source Files</Filter>
    </ClCompile>
    <ClCompile Include="Source\BuildSystem\BinarySaveParams.cpp">
      <Filter>Source Files</Filter>
    </ClCompile>
    <ClCompile Include="Source\Core\UpperMenu.cpp">
      <Filter>Source Files</Filter>
    </ClCompile>
    <ClCompile Include="Source\ProjectSettings\LanguageSettings.cpp">
      <Filter>Source Files</Filter>
    </ClCompile>
    <ClCompile Include="Source\ProjectSettings\SettingsView.cpp">
      <Filter>Source Files</Filter>
    </ClCompile>
    <ClCompile Include="Source\ProjectSettings\ProjectSettings.cpp">
      <Filter>Source Files</Filter>
    </ClCompile>
    <ClCompile Include="Source\ProjectSettings\RenderingSettings.cpp">
      <Filter>Source Files</Filter>
    </ClCompile>
    <ClCompile Include="Source\Framework\CreateMenu.cpp">
      <Filter>Source Files</Filter>
    </ClCompile>
    <ClCompile Include="Source\Files\MeshConverter.cpp">
      <Filter>Source Files</Filter>
    </ClCompile>
    <ClCompile Include="Source\Files\FontConverter.cpp">
      <Filter>Source Files</Filter>
    </ClCompile>
    <ClCompile Include="Source\ProjectGenerator\VisualStudioSolution.cpp">
      <Filter>Source Files</Filter>
    </ClCompile>
    <ClCompile Include="Source\Files\MaterialConverter.cpp">
      <Filter>Source Files</Filter>
    </ClCompile>
    <ClCompile Include="Source\Framework\NotificationSystem.cpp">
      <Filter>Source Files</Filter>
    </ClCompile>
    <ClCompile Include="Source\CodeParser\Cpp\LCpp.cpp">
      <Filter>Source Files</Filter>
    </ClCompile>
    <ClCompile Include="Source\CodeParser\Cpp\CppCompilationError.cpp">
      <Filter>Source Files</Filter>
    </ClCompile>
    <ClCompile Include="Source\CodeParser\Cpp\CppCodeStream.cpp">
      <Filter>Source Files</Filter>
    </ClCompile>
    <ClCompile Include="Source\Framework\CreateSystem.cpp">
      <Filter>Source Files</Filter>
    </ClCompile>
    <ClCompile Include="Source\BuildSystem\CodeGenerator.cpp">
      <Filter>Source Files</Filter>
    </ClCompile>
    <ClCompile Include="Source\Framework\ImportSystem.cpp">
      <Filter>Source Files</Filter>
    </ClCompile>
  </ItemGroup>
  <ItemGroup>
    <ClInclude Include="Source\Core\EditorWindow.h">
      <Filter>Header Files</Filter>
    </ClInclude>
    <ClInclude Include="Source\Core\EditorModule.h">
      <Filter>Header Files</Filter>
    </ClInclude>
    <ClInclude Include="Source\Core\EditorApplication.h">
      <Filter>Header Files</Filter>
    </ClInclude>
    <ClInclude Include="Source\Framework\ValueLoader.h">
      <Filter>Header Files</Filter>
    </ClInclude>
    <ClInclude Include="Source\Framework\Values.h">
      <Filter>Header Files</Filter>
    </ClInclude>
    <ClInclude Include="Source\Framework\EditorProject.h">
      <Filter>Header Files</Filter>
    </ClInclude>
    <ClInclude Include="Source\SceneView\SceneView.h">
      <Filter>Header Files</Filter>
    </ClInclude>
    <ClInclude Include="Source\FileView\FileView.h">
      <Filter>Header Files</Filter>
    </ClInclude>
    <ClInclude Include="Source\SceneHierarchy\SceneHierarchy.h">
      <Filter>Header Files</Filter>
    </ClInclude>
    <ClInclude Include="Source\CodeParser\CodeProject.h">
      <Filter>Header Files</Filter>
    </ClInclude>
    <ClInclude Include="Source\CodeParser\LCodeParser.h">
      <Filter>Header Files</Filter>
    </ClInclude>
    <ClInclude Include="Source\CodeParser\CodeClass.h">
      <Filter>Header Files</Filter>
    </ClInclude>
    <ClInclude Include="Source\CodeParser\CodeParam.h">
      <Filter>Header Files</Filter>
    </ClInclude>
    <ClInclude Include="Source\CodeParser\CodeFunction.h">
      <Filter>Header Files</Filter>
    </ClInclude>
    <ClInclude Include="Source\CodeParser\CodeProjectGenerator.h">
      <Filter>Header Files</Filter>
    </ClInclude>
    <ClInclude Include="Source\CodeParser\CodeEnum.h">
      <Filter>Header Files</Filter>
    </ClInclude>
    <ClInclude Include="Source\Testing\Assert.h">
      <Filter>Header Files</Filter>
    </ClInclude>
    <ClInclude Include="Source\Inspector\Inspector.h">
      <Filter>Header Files</Filter>
    </ClInclude>
    <ClInclude Include="Source\ComponentEditor\ComponentEditor.h">
      <Filter>Header Files</Filter>
    </ClInclude>
    <ClInclude Include="Source\CodeParser\CodeMember.h">
      <Filter>Header Files</Filter>
    </ClInclude>
    <ClInclude Include="Source\CodeParser\CodeArg.h">
      <Filter>Header Files</Filter>
    </ClInclude>
    <ClInclude Include="Source\Framework\SceneSaver.h">
      <Filter>Header Files</Filter>
    </ClInclude>
    <ClInclude Include="Source\ComponentEditor\Renderable\MeshComponentEditor.h">
      <Filter>Header Files</Filter>
    </ClInclude>
    <ClInclude Include="Source\ComponentEditor\Renderable\BillboardComponentEditor.h">
      <Filter>Header Files</Filter>
    </ClInclude>
    <ClInclude Include="Source\ComponentEditor\Renderable\VirtualCameraEditor.h">
      <Filter>Header Files</Filter>
    </ClInclude>
    <ClInclude Include="Source\Framework\SaveParams.h">
      <Filter>Header Files</Filter>
    </ClInclude>
    <ClInclude Include="Source\Core\FileDialog.h">
      <Filter>Header Files</Filter>
    </ClInclude>
    <ClInclude Include="Source\GameView\GameView.h">
      <Filter>Header Files</Filter>
    </ClInclude>
    <ClInclude Include="Source\Framework\PlaySystem.h">
      <Filter>Header Files</Filter>
    </ClInclude>
    <ClInclude Include="Source\Console\Console.h">
      <Filter>Header Files</Filter>
    </ClInclude>
    <ClInclude Include="Source\AssetViewers\MeshViewer.h">
      <Filter>Header Files</Filter>
    </ClInclude>
    <ClInclude Include="Source\AssetViewers\ImageViewer.h">
      <Filter>Header Files</Filter>
    </ClInclude>
    <ClInclude Include="Source\Framework\Version.h">
      <Filter>Header Files</Filter>
    </ClInclude>
    <ClInclude Include="Source\Testing\UnitTestingFramework.h">
      <Filter>Header Files</Filter>
    </ClInclude>
    <ClInclude Include="Source\Testing\TestManager.h">
      <Filter>Header Files</Filter>
    </ClInclude>
    <ClInclude Include="Source\AssetViewers\TagEditor.h">
      <Filter>Header Files</Filter>
    </ClInclude>
    <ClInclude Include="Source\AssetViewers\LayerEditor.h">
      <Filter>Header Files</Filter>
    </ClInclude>
    <ClInclude Include="Source\Framework\ValueSaver.h">
      <Filter>Header Files</Filter>
    </ClInclude>
    <ClInclude Include="Source\ProjectGenerator\VisualStudioProject.h">
      <Filter>Header Files</Filter>
    </ClInclude>
    <ClInclude Include="Source\CodeParser\CodeParser.h">
      <Filter>Header Files</Filter>
    </ClInclude>
    <ClInclude Include="Source\Files\SceneConverter.h">
      <Filter>Header Files</Filter>
    </ClInclude>
    <ClInclude Include="Source\BuildSystem\AssetMapSaver.h">
      <Filter>Header Files</Filter>
    </ClInclude>
    <ClInclude Include="Source\BuildSystem\BinarySaveParams.h">
      <Filter>Header Files</Filter>
    </ClInclude>
    <ClInclude Include="Source\Core\UpperMenu.h">
      <Filter>Header Files</Filter>
    </ClInclude>
    <ClInclude Include="Source\ProjectSettings\LanguageSettings.h">
      <Filter>Header Files</Filter>
    </ClInclude>
    <ClInclude Include="Source\ProjectSettings\ProjectSettingModule.h">
      <Filter>Header Files</Filter>
    </ClInclude>
    <ClInclude Include="Source\ProjectSettings\SettingsView.h">
      <Filter>Header Files</Filter>
    </ClInclude>
    <ClInclude Include="Source\ProjectSettings\ProjectSettings.h">
      <Filter>Header Files</Filter>
    </ClInclude>
    <ClInclude Include="Source\ProjectSettings\RenderingSettings.h">
      <Filter>Header Files</Filter>
    </ClInclude>
    <ClInclude Include="Source\Framework\CreateMenu.h">
      <Filter>Header Files</Filter>
    </ClInclude>
    <ClInclude Include="Source\Files\MeshConverter.h">
      <Filter>Header Files</Filter>
    </ClInclude>
    <ClInclude Include="Source\Files\FontConverter.h">
      <Filter>Header Files</Filter>
    </ClInclude>
    <ClInclude Include="Source\Files\MaterialConverter.h">
      <Filter>Header Files</Filter>
    </ClInclude>
    <ClInclude Include="Source\ProjectGenerator\VisualStudioSolution.h">
      <Filter>Header Files</Filter>
    </ClInclude>
    <ClInclude Include="Source\Framework\CompilationInfo.h">
      <Filter>Header Files</Filter>
    </ClInclude>
    <ClInclude Include="Source\CodeParser\CompilationError.h">
      <Filter>Header Files</Filter>
    </ClInclude>
    <ClInclude Include="Source\Framework\NotificationSystem.h">
      <Filter>Header Files</Filter>
    </ClInclude>
    <ClInclude Include="Source\CodeParser\CodeStream.h">
      <Filter>Header Files</Filter>
    </ClInclude>
    <ClInclude Include="Source\CodeParser\Cpp\LCpp.h">
      <Filter>Header Files</Filter>
    </ClInclude>
    <ClInclude Include="Source\CodeParser\Cpp\CppCodeStream.h">
      <Filter>Header Files</Filter>
    </ClInclude>
    <ClInclude Include="Source\CodeParser\Cpp\CppCompilationError.h">
      <Filter>Header Files</Filter>
    </ClInclude>
    <ClInclude Include="Source\Framework\CreateSystem.h">
      <Filter>Header Files</Filter>
    </ClInclude>
    <ClInclude Include="Source\BuildSystem\CodeGenerator.h">
      <Filter>Header Files</Filter>
    </ClInclude>
    <ClInclude Include="Source\Framework\ImportSystem.h">
      <Filter>Header Files</Filter>
    </ClInclude>
  </ItemGroup>
</Project>